
Microsoft Visual Studio Solution File, Format Version 12.00
# Visual Studio Version 17
VisualStudioVersion = 17.0.32002.185
MinimumVisualStudioVersion = 10.0.40219.1
Project("{9A19103F-16F7-4668-BE54-9A1E7A4F7556}") = "Emma.Api", "Emma.Api\Emma.Api.csproj", "{1EE78382-4A83-422C-9718-8A93E6C4FB15}"
EndProject
Global
	GlobalSection(SolutionConfigurationPlatforms) = preSolution
		Debug|Any CPU = Debug|Any CPU
		Release|Any CPU = Release|Any CPU
	EndGlobalSection
	GlobalSection(ProjectConfigurationPlatforms) = postSolution
		{1EE78382-4A83-422C-9718-8A93E6C4FB15}.Debug|Any CPU.ActiveCfg = Debug|Any CPU
		{1EE78382-4A83-422C-9718-8A93E6C4FB15}.Debug|Any CPU.Build.0 = Debug|Any CPU
		{1EE78382-4A83-422C-9718-8A93E6C4FB15}.Release|Any CPU.ActiveCfg = Release|Any CPU
		{1EE78382-4A83-422C-9718-8A93E6C4FB15}.Release|Any CPU.Build.0 = Release|Any CPU
	EndGlobalSection
	GlobalSection(SolutionProperties) = preSolution
		HideSolutionNode = FALSE
	EndGlobalSection
	GlobalSection(ExtensibilityGlobals) = postSolution
		SolutionGuid = {70EFAE3F-4F08-400E-8D4F-75AF5BF591EA}
	EndGlobalSection
EndGlobal
